{
  "name": "mybook",
  "version": "1.0.0",
  "lockfileVersion": 1,
  "requires": true,
  "dependencies": {
    "core-js": {
      "version": "3.12.1",
      "resolved": "https://af-biz.qianxin-inc.cn:443/artifactory/api/npm/data-security-npm-virtual-release/core-js/-/core-js-3.12.1.tgz",
      "integrity": "sha1-a1r0/1VhbAikTThvH1EJF/8gQRI="
    },
    "regenerator-runtime": {
      "version": "0.13.7",
      "resolved": "https://af-biz.qianxin-inc.cn:443/artifactory/api/npm/data-security-npm-virtual-release/regenerator-runtime/-/regenerator-runtime-0.13.7.tgz",
      "integrity": "sha1-ysLazIoepnX+qrrriugziYrkb1U="
    }
  }
}
